
Microsoft Visual Studio Solution File, Format Version 12.00
# Visual Studio Version 17
VisualStudioVersion = 17.4.33213.308
MinimumVisualStudioVersion = 10.0.40219.1
Project("{2150E333-8FDC-42A3-9474-1A3956D46DE8}") = "solution", "solution", "{F5664789-C323-4853-BE95-E10BE82A9917}"
	ProjectSection(SolutionItems) = preProject
		..\LICENSE = ..\LICENSE
		..\README.md = ..\README.md
	EndProjectSection
EndProject
Project("{9A19103F-16F7-4668-BE54-9A1E7A4F7556}") = "poc.ha-aks-hybrid.api", "poc.ha-aks-hybrid.api\poc.ha-aks-hybrid.api.csproj", "{99EEDE60-AB3A-44DC-81B2-655BDFCB0DC9}"
EndProject
Project("{9A19103F-16F7-4668-BE54-9A1E7A4F7556}") = "poc.ha-aks-hybrid.core", "poc.ha-aks-hybrid.core\poc.ha-aks-hybrid.core.csproj", "{77E8D460-F987-4AE4-9F52-ED6BF478D34A}"
EndProject
Project("{9A19103F-16F7-4668-BE54-9A1E7A4F7556}") = "poc.ha.aks-hybrid.tests", "poc.ha.aks-hybrid.tests\poc.ha.aks-hybrid.tests.csproj", "{C3D61206-A700-4A15-A32C-EE70D59076A6}"
EndProject
Project("{9A19103F-16F7-4668-BE54-9A1E7A4F7556}") = "poc.ha-aks-hybrid.message-processor", "poc.ha-aks-hybrid.message-processor\poc.ha-aks-hybrid.message-processor.csproj", "{EF16F8F2-9F42-447B-AD25-83A821392B89}"
EndProject
Project("{2150E333-8FDC-42A3-9474-1A3956D46DE8}") = "website", "website", "{6EEE9883-1A02-46AD-B117-188FA6916FFF}"
	ProjectSection(SolutionItems) = preProject
		www\index.html = www\index.html
		www\css\site.css = www\css\site.css
		www\js\site.js = www\js\site.js
	EndProjectSection
EndProject
Global
	GlobalSection(SolutionConfigurationPlatforms) = preSolution
		Debug|Any CPU = Debug|Any CPU
		Release|Any CPU = Release|Any CPU
	EndGlobalSection
	GlobalSection(ProjectConfigurationPlatforms) = postSolution
		{99EEDE60-AB3A-44DC-81B2-655BDFCB0DC9}.Debug|Any CPU.ActiveCfg = Debug|Any CPU
		{99EEDE60-AB3A-44DC-81B2-655BDFCB0DC9}.Debug|Any CPU.Build.0 = Debug|Any CPU
		{99EEDE60-AB3A-44DC-81B2-655BDFCB0DC9}.Release|Any CPU.ActiveCfg = Release|Any CPU
		{99EEDE60-AB3A-44DC-81B2-655BDFCB0DC9}.Release|Any CPU.Build.0 = Release|Any CPU
		{77E8D460-F987-4AE4-9F52-ED6BF478D34A}.Debug|Any CPU.ActiveCfg = Debug|Any CPU
		{77E8D460-F987-4AE4-9F52-ED6BF478D34A}.Debug|Any CPU.Build.0 = Debug|Any CPU
		{77E8D460-F987-4AE4-9F52-ED6BF478D34A}.Release|Any CPU.ActiveCfg = Release|Any CPU
		{77E8D460-F987-4AE4-9F52-ED6BF478D34A}.Release|Any CPU.Build.0 = Release|Any CPU
		{C3D61206-A700-4A15-A32C-EE70D59076A6}.Debug|Any CPU.ActiveCfg = Debug|Any CPU
		{C3D61206-A700-4A15-A32C-EE70D59076A6}.Debug|Any CPU.Build.0 = Debug|Any CPU
		{C3D61206-A700-4A15-A32C-EE70D59076A6}.Release|Any CPU.ActiveCfg = Release|Any CPU
		{C3D61206-A700-4A15-A32C-EE70D59076A6}.Release|Any CPU.Build.0 = Release|Any CPU
		{EF16F8F2-9F42-447B-AD25-83A821392B89}.Debug|Any CPU.ActiveCfg = Debug|Any CPU
		{EF16F8F2-9F42-447B-AD25-83A821392B89}.Debug|Any CPU.Build.0 = Debug|Any CPU
		{EF16F8F2-9F42-447B-AD25-83A821392B89}.Release|Any CPU.ActiveCfg = Release|Any CPU
		{EF16F8F2-9F42-447B-AD25-83A821392B89}.Release|Any CPU.Build.0 = Release|Any CPU
	EndGlobalSection
	GlobalSection(SolutionProperties) = preSolution
		HideSolutionNode = FALSE
	EndGlobalSection
	GlobalSection(ExtensibilityGlobals) = postSolution
		SolutionGuid = {14813D1B-CFAE-490C-9F8E-9E903E6298BC}
	EndGlobalSection
EndGlobal
